// !$*UTF8*$!
{
	archiveVersion = 1;
	classes = {
	};
	objectVersion = 50;
	objects = {

/* Begin PBXBuildFile section */
		7E30150F2112DADF00DFA27D /* LHScanVC.swift in Sources */ = {isa = PBXBuildFile; fileRef = 7E30150E2112DADF00DFA27D /* LHScanVC.swift */; };
		7E70F54A2071D39800A1E66E /* String+Category.swift in Sources */ = {isa = PBXBuildFile; fileRef = 7E70F5492071D39800A1E66E /* String+Category.swift */; };
		7E73F39120E4791E00CFA222 /* LHBaseHttps.swift in Sources */ = {isa = PBXBuildFile; fileRef = 7E73F39020E4791E00CFA222 /* LHBaseHttps.swift */; };
		7E73F39320E47F2200CFA222 /* LHRequseTool.swift in Sources */ = {isa = PBXBuildFile; fileRef = 7E73F39220E47F2200CFA222 /* LHRequseTool.swift */; };
		7E7EBD942106D7B1008AC210 /* LHBaseNavigationController.swift in Sources */ = {isa = PBXBuildFile; fileRef = 7E7EBD932106D7B1008AC210 /* LHBaseNavigationController.swift */; };
		7E84F66E20E210BE00DE337F /* LHPickerView.swift in Sources */ = {isa = PBXBuildFile; fileRef = 7E84F66D20E210BE00DE337F /* LHPickerView.swift */; };
		7E8AFD3F211D297A00843F8B /* LHCheckVersion.swift in Sources */ = {isa = PBXBuildFile; fileRef = 7E8AFD3E211D297A00843F8B /* LHCheckVersion.swift */; };
		7E8E57D320F89EB300998A38 /* LHQRCodeTool.swift in Sources */ = {isa = PBXBuildFile; fileRef = 7E8E57D220F89EB300998A38 /* LHQRCodeTool.swift */; };
		7E8E57D520F8A5C800998A38 /* CoreGraphics.framework in Frameworks */ = {isa = PBXBuildFile; fileRef = 7E8E57D420F8A5C700998A38 /* CoreGraphics.framework */; };
		7E91C1EB20EF6EA400A9DF7B /* HUD+Add.swift in Sources */ = {isa = PBXBuildFile; fileRef = 7E91C1EA20EF6EA400A9DF7B /* HUD+Add.swift */; };
		7E9D42C320FED3A500893393 /* LHSingleChooseVC.swift in Sources */ = {isa = PBXBuildFile; fileRef = 7E9D42C220FED3A500893393 /* LHSingleChooseVC.swift */; };
		7E9D42C520FED3BB00893393 /* LHMoreChooseVC.swift in Sources */ = {isa = PBXBuildFile; fileRef = 7E9D42C420FED3BB00893393 /* LHMoreChooseVC.swift */; };
		7E9D42C720FED4AA00893393 /* LHMyTableViewCell.swift in Sources */ = {isa = PBXBuildFile; fileRef = 7E9D42C620FED4AA00893393 /* LHMyTableViewCell.swift */; };
		7E9D42CB20FEF05900893393 /* LHMyTableViewCell.xib in Resources */ = {isa = PBXBuildFile; fileRef = 7E9D42CA20FEF05900893393 /* LHMyTableViewCell.xib */; };
		7E9D42CD20FF33E900893393 /* LHMyUploadPhotoVC.swift in Sources */ = {isa = PBXBuildFile; fileRef = 7E9D42CC20FF33E900893393 /* LHMyUploadPhotoVC.swift */; };
		7EA27A7C2100312200A65094 /* LHMyCollectionViewCell.swift in Sources */ = {isa = PBXBuildFile; fileRef = 7EA27A7B2100312200A65094 /* LHMyCollectionViewCell.swift */; };
		7EA27A7E2100664C00A65094 /* LHPhotoShowVC.swift in Sources */ = {isa = PBXBuildFile; fileRef = 7EA27A7D2100664C00A65094 /* LHPhotoShowVC.swift */; };
		7EA27A802100797300A65094 /* LHBaseViewController.swift in Sources */ = {isa = PBXBuildFile; fileRef = 7EA27A7F2100797300A65094 /* LHBaseViewController.swift */; };
		7EA8125F2148E9F4009547A8 /* LHDefine.swift in Sources */ = {isa = PBXBuildFile; fileRef = 7EA8125E2148E9F4009547A8 /* LHDefine.swift */; };
		7EB70B7521353B30009A761B /* DispatchQueue+Category.swift in Sources */ = {isa = PBXBuildFile; fileRef = 7EB70B7421353B30009A761B /* DispatchQueue+Category.swift */; };
		7EE903E2206F28A10051E41A /* AppDelegate.swift in Sources */ = {isa = PBXBuildFile; fileRef = 7EE903E1206F28A10051E41A /* AppDelegate.swift */; };
		7EE903E4206F28A10051E41A /* ViewController.swift in Sources */ = {isa = PBXBuildFile; fileRef = 7EE903E3206F28A10051E41A /* ViewController.swift */; };
		7EE903E7206F28A10051E41A /* Main.storyboard in Resources */ = {isa = PBXBuildFile; fileRef = 7EE903E5206F28A10051E41A /* Main.storyboard */; };
		7EE903E9206F28A50051E41A /* Assets.xcassets in Resources */ = {isa = PBXBuildFile; fileRef = 7EE903E8206F28A50051E41A /* Assets.xcassets */; };
		7EE903EC206F28A50051E41A /* LaunchScreen.storyboard in Resources */ = {isa = PBXBuildFile; fileRef = 7EE903EA206F28A50051E41A /* LaunchScreen.storyboard */; };
		7EE903F5206F29A10051E41A /* UIColor+Category.swift in Sources */ = {isa = PBXBuildFile; fileRef = 7EE903F4206F29A10051E41A /* UIColor+Category.swift */; };
		7EE903F7206F2F910051E41A /* UIView+Category.swift in Sources */ = {isa = PBXBuildFile; fileRef = 7EE903F6206F2F910051E41A /* UIView+Category.swift */; };
		7EE903F9206F33ED0051E41A /* UIButton+Category.swift in Sources */ = {isa = PBXBuildFile; fileRef = 7EE903F8206F33ED0051E41A /* UIButton+Category.swift */; };
		7EE903FB206F36370051E41A /* UILabel+Category.swift in Sources */ = {isa = PBXBuildFile; fileRef = 7EE903FA206F36370051E41A /* UILabel+Category.swift */; };
		7EE903FD206F38300051E41A /* UIImage+Category.swift in Sources */ = {isa = PBXBuildFile; fileRef = 7EE903FC206F38300051E41A /* UIImage+Category.swift */; };
		7EF91EB120D20A4400774737 /* LHHUBViewController.swift in Sources */ = {isa = PBXBuildFile; fileRef = 7EF91EB020D20A4400774737 /* LHHUBViewController.swift */; };
		A2501614FE7C6616AA7A759A /* Pods_LHTool.framework in Frameworks */ = {isa = PBXBuildFile; fileRef = F310105452C8F73C2BA6D40A /* Pods_LHTool.framework */; };
/* End PBXBuildFile section */

/* Begin PBXFileReference section */
		7E30150E2112DADF00DFA27D /* LHScanVC.swift */ = {isa = PBXFileReference; lastKnownFileType = sourcecode.swift; path = LHScanVC.swift; sourceTree = "<group>"; };
		7E70F5492071D39800A1E66E /* String+Category.swift */ = {isa = PBXFileReference; lastKnownFileType = sourcecode.swift; path = "String+Category.swift"; sourceTree = "<group>"; };
		7E73F39020E4791E00CFA222 /* LHBaseHttps.swift */ = {isa = PBXFileReference; lastKnownFileType = sourcecode.swift; path = LHBaseHttps.swift; sourceTree = "<group>"; };
		7E73F39220E47F2200CFA222 /* LHRequseTool.swift */ = {isa = PBXFileReference; lastKnownFileType = sourcecode.swift; path = LHRequseTool.swift; sourceTree = "<group>"; };
		7E7EBD932106D7B1008AC210 /* LHBaseNavigationController.swift */ = {isa = PBXFileReference; lastKnownFileType = sourcecode.swift; path = LHBaseNavigationController.swift; sourceTree = "<group>"; };
		7E84F66D20E210BE00DE337F /* LHPickerView.swift */ = {isa = PBXFileReference; lastKnownFileType = sourcecode.swift; path = LHPickerView.swift; sourceTree = "<group>"; };
		7E8AFD3E211D297A00843F8B /* LHCheckVersion.swift */ = {isa = PBXFileReference; lastKnownFileType = sourcecode.swift; path = LHCheckVersion.swift; sourceTree = "<group>"; };
		7E8E57D220F89EB300998A38 /* LHQRCodeTool.swift */ = {isa = PBXFileReference; lastKnownFileType = sourcecode.swift; path = LHQRCodeTool.swift; sourceTree = "<group>"; };
		7E8E57D420F8A5C700998A38 /* CoreGraphics.framework */ = {isa = PBXFileReference; lastKnownFileType = wrapper.framework; name = CoreGraphics.framework; path = System/Library/Frameworks/CoreGraphics.framework; sourceTree = SDKROOT; };
		7E91C1E620EF5F3C00A9DF7B /* LHTool-Bridging-Header.h */ = {isa = PBXFileReference; lastKnownFileType = sourcecode.c.h; path = "LHTool-Bridging-Header.h"; sourceTree = "<group>"; };
		7E91C1EA20EF6EA400A9DF7B /* HUD+Add.swift */ = {isa = PBXFileReference; lastKnownFileType = sourcecode.swift; path = "HUD+Add.swift"; sourceTree = "<group>"; };
		7E9D42C220FED3A500893393 /* LHSingleChooseVC.swift */ = {isa = PBXFileReference; lastKnownFileType = sourcecode.swift; path = LHSingleChooseVC.swift; sourceTree = "<group>"; };
		7E9D42C420FED3BB00893393 /* LHMoreChooseVC.swift */ = {isa = PBXFileReference; lastKnownFileType = sourcecode.swift; path = LHMoreChooseVC.swift; sourceTree = "<group>"; };
		7E9D42C620FED4AA00893393 /* LHMyTableViewCell.swift */ = {isa = PBXFileReference; lastKnownFileType = sourcecode.swift; path = LHMyTableViewCell.swift; sourceTree = "<group>"; };
		7E9D42CA20FEF05900893393 /* LHMyTableViewCell.xib */ = {isa = PBXFileReference; lastKnownFileType = file.xib; path = LHMyTableViewCell.xib; sourceTree = "<group>"; };
		7E9D42CC20FF33E900893393 /* LHMyUploadPhotoVC.swift */ = {isa = PBXFileReference; lastKnownFileType = sourcecode.swift; path = LHMyUploadPhotoVC.swift; sourceTree = "<group>"; };
		7EA27A7B2100312200A65094 /* LHMyCollectionViewCell.swift */ = {isa = PBXFileReference; lastKnownFileType = sourcecode.swift; path = LHMyCollectionViewCell.swift; sourceTree = "<group>"; };
		7EA27A7D2100664C00A65094 /* LHPhotoShowVC.swift */ = {isa = PBXFileReference; lastKnownFileType = sourcecode.swift; path = LHPhotoShowVC.swift; sourceTree = "<group>"; };
		7EA27A7F2100797300A65094 /* LHBaseViewController.swift */ = {isa = PBXFileReference; lastKnownFileType = sourcecode.swift; path = LHBaseViewController.swift; sourceTree = "<group>"; };
		7EA8125E2148E9F4009547A8 /* LHDefine.swift */ = {isa = PBXFileReference; lastKnownFileType = sourcecode.swift; path = LHDefine.swift; sourceTree = "<group>"; };
		7EB70B7421353B30009A761B /* DispatchQueue+Category.swift */ = {isa = PBXFileReference; lastKnownFileType = sourcecode.swift; path = "DispatchQueue+Category.swift"; sourceTree = "<group>"; };
		7EE903DE206F28A10051E41A /* LHTool.app */ = {isa = PBXFileReference; explicitFileType = wrapper.application; includeInIndex = 0; path = LHTool.app; sourceTree = BUILT_PRODUCTS_DIR; };
		7EE903E1206F28A10051E41A /* AppDelegate.swift */ = {isa = PBXFileReference; lastKnownFileType = sourcecode.swift; path = AppDelegate.swift; sourceTree = "<group>"; };
		7EE903E3206F28A10051E41A /* ViewController.swift */ = {isa = PBXFileReference; lastKnownFileType = sourcecode.swift; path = ViewController.swift; sourceTree = "<group>"; };
		7EE903E6206F28A10051E41A /* Base */ = {isa = PBXFileReference; lastKnownFileType = file.storyboard; name = Base; path = Base.lproj/Main.storyboard; sourceTree = "<group>"; };
		7EE903E8206F28A50051E41A /* Assets.xcassets */ = {isa = PBXFileReference; lastKnownFileType = folder.assetcatalog; path = Assets.xcassets; sourceTree = "<group>"; };
		7EE903EB206F28A50051E41A /* Base */ = {isa = PBXFileReference; lastKnownFileType = file.storyboard; name = Base; path = Base.lproj/LaunchScreen.storyboard; sourceTree = "<group>"; };
		7EE903ED206F28A50051E41A /* Info.plist */ = {isa = PBXFileReference; lastKnownFileType = text.plist.xml; path = Info.plist; sourceTree = "<group>"; };
		7EE903F4206F29A10051E41A /* UIColor+Category.swift */ = {isa = PBXFileReference; lastKnownFileType = sourcecode.swift; path = "UIColor+Category.swift"; sourceTree = "<group>"; };
		7EE903F6206F2F910051E41A /* UIView+Category.swift */ = {isa = PBXFileReference; lastKnownFileType = sourcecode.swift; path = "UIView+Category.swift"; sourceTree = "<group>"; };
		7EE903F8206F33ED0051E41A /* UIButton+Category.swift */ = {isa = PBXFileReference; lastKnownFileType = sourcecode.swift; path = "UIButton+Category.swift"; sourceTree = "<group>"; };
		7EE903FA206F36370051E41A /* UILabel+Category.swift */ = {isa = PBXFileReference; lastKnownFileType = sourcecode.swift; path = "UILabel+Category.swift"; sourceTree = "<group>"; };
		7EE903FC206F38300051E41A /* UIImage+Category.swift */ = {isa = PBXFileReference; lastKnownFileType = sourcecode.swift; path = "UIImage+Category.swift"; sourceTree = "<group>"; };
		7EF91EB020D20A4400774737 /* LHHUBViewController.swift */ = {isa = PBXFileReference; lastKnownFileType = sourcecode.swift; path = LHHUBViewController.swift; sourceTree = "<group>"; };
		91636AD3AFC4EC94B169FE87 /* Pods-LHTool.release.xcconfig */ = {isa = PBXFileReference; includeInIndex = 1; lastKnownFileType = text.xcconfig; name = "Pods-LHTool.release.xcconfig"; path = "Pods/Target Support Files/Pods-LHTool/Pods-LHTool.release.xcconfig"; sourceTree = "<group>"; };
		EB5AE5A1AB8F81549AFCD8D6 /* Pods-LHTool.debug.xcconfig */ = {isa = PBXFileReference; includeInIndex = 1; lastKnownFileType = text.xcconfig; name = "Pods-LHTool.debug.xcconfig"; path = "Pods/Target Support Files/Pods-LHTool/Pods-LHTool.debug.xcconfig"; sourceTree = "<group>"; };
		F310105452C8F73C2BA6D40A /* Pods_LHTool.framework */ = {isa = PBXFileReference; explicitFileType = wrapper.framework; includeInIndex = 0; path = Pods_LHTool.framework; sourceTree = BUILT_PRODUCTS_DIR; };
/* End PBXFileReference section */

/* Begin PBXFrameworksBuildPhase section */
		7EE903DB206F28A10051E41A /* Frameworks */ = {
			isa = PBXFrameworksBuildPhase;
			buildActionMask = 2147483647;
			files = (
				7E8E57D520F8A5C800998A38 /* CoreGraphics.framework in Frameworks */,
				A2501614FE7C6616AA7A759A /* Pods_LHTool.framework in Frameworks */,
			);
			runOnlyForDeploymentPostprocessing = 0;
		};
/* End PBXFrameworksBuildPhase section */

/* Begin PBXGroup section */
		062AB581DEFB59E16A7F9B3D /* Pods */ = {
			isa = PBXGroup;
			children = (
				EB5AE5A1AB8F81549AFCD8D6 /* Pods-LHTool.debug.xcconfig */,
				91636AD3AFC4EC94B169FE87 /* Pods-LHTool.release.xcconfig */,
			);
			name = Pods;
			sourceTree = "<group>";
		};
		7E7EBD952106D7BB008AC210 /* common */ = {
			isa = PBXGroup;
			children = (
				7E7EBD932106D7B1008AC210 /* LHBaseNavigationController.swift */,
				7EA27A7F2100797300A65094 /* LHBaseViewController.swift */,
			);
			path = common;
			sourceTree = "<group>";
		};
		7EA27A7A2100248F00A65094 /* uploadphoto */ = {
			isa = PBXGroup;
			children = (
				7E9D42CC20FF33E900893393 /* LHMyUploadPhotoVC.swift */,
				7EA27A7D2100664C00A65094 /* LHPhotoShowVC.swift */,
				7EA27A7B2100312200A65094 /* LHMyCollectionViewCell.swift */,
			);
			path = uploadphoto;
			sourceTree = "<group>";
		};
		7EE903D5206F28A00051E41A = {
			isa = PBXGroup;
			children = (
				7EE903E0206F28A10051E41A /* LHTool */,
				7EE903DF206F28A10051E41A /* Products */,
				062AB581DEFB59E16A7F9B3D /* Pods */,
				C7622074AA6304F82091A56B /* Frameworks */,
			);
			sourceTree = "<group>";
		};
		7EE903DF206F28A10051E41A /* Products */ = {
			isa = PBXGroup;
			children = (
				7EE903DE206F28A10051E41A /* LHTool.app */,
			);
			name = Products;
			sourceTree = "<group>";
		};
		7EE903E0206F28A10051E41A /* LHTool */ = {
			isa = PBXGroup;
			children = (
				7E7EBD952106D7BB008AC210 /* common */,
				7EA27A7A2100248F00A65094 /* uploadphoto */,
				7EE903F3206F28BC0051E41A /* tool */,
				7EE903E1206F28A10051E41A /* AppDelegate.swift */,
				7EE903E3206F28A10051E41A /* ViewController.swift */,
				7E9D42C220FED3A500893393 /* LHSingleChooseVC.swift */,
				7E30150E2112DADF00DFA27D /* LHScanVC.swift */,
				7E9D42C420FED3BB00893393 /* LHMoreChooseVC.swift */,
				7E9D42C620FED4AA00893393 /* LHMyTableViewCell.swift */,
				7E9D42CA20FEF05900893393 /* LHMyTableViewCell.xib */,
				7EE903E5206F28A10051E41A /* Main.storyboard */,
				7EE903E8206F28A50051E41A /* Assets.xcassets */,
				7EE903EA206F28A50051E41A /* LaunchScreen.storyboard */,
				7EE903ED206F28A50051E41A /* Info.plist */,
			);
			path = LHTool;
			sourceTree = "<group>";
		};
		7EE903F3206F28BC0051E41A /* tool */ = {
			isa = PBXGroup;
			children = (
				7EE903F4206F29A10051E41A /* UIColor+Category.swift */,
				7EB70B7421353B30009A761B /* DispatchQueue+Category.swift */,
				7EE903F6206F2F910051E41A /* UIView+Category.swift */,
				7EE903F8206F33ED0051E41A /* UIButton+Category.swift */,
				7EE903FA206F36370051E41A /* UILabel+Category.swift */,
				7EE903FC206F38300051E41A /* UIImage+Category.swift */,
				7E70F5492071D39800A1E66E /* String+Category.swift */,
				7EF91EB020D20A4400774737 /* LHHUBViewController.swift */,
				7E91C1EA20EF6EA400A9DF7B /* HUD+Add.swift */,
				7E84F66D20E210BE00DE337F /* LHPickerView.swift */,
				7E73F39020E4791E00CFA222 /* LHBaseHttps.swift */,
				7E73F39220E47F2200CFA222 /* LHRequseTool.swift */,
				7E8E57D220F89EB300998A38 /* LHQRCodeTool.swift */,
				7EA8125E2148E9F4009547A8 /* LHDefine.swift */,
				7E8AFD3E211D297A00843F8B /* LHCheckVersion.swift */,
				7E91C1E620EF5F3C00A9DF7B /* LHTool-Bridging-Header.h */,
			);
			path = tool;
			sourceTree = "<group>";
		};
		C7622074AA6304F82091A56B /* Frameworks */ = {
			isa = PBXGroup;
			children = (
				7E8E57D420F8A5C700998A38 /* CoreGraphics.framework */,
				F310105452C8F73C2BA6D40A /* Pods_LHTool.framework */,
			);
			name = Frameworks;
			sourceTree = "<group>";
		};
/* End PBXGroup section */

/* Begin PBXNativeTarget section */
		7EE903DD206F28A10051E41A /* LHTool */ = {
			isa = PBXNativeTarget;
			buildConfigurationList = 7EE903F0206F28A50051E41A /* Build configuration list for PBXNativeTarget "LHTool" */;
			buildPhases = (
				55BA9E0411B9A69538025D49 /* [CP] Check Pods Manifest.lock */,
				7EE903DA206F28A10051E41A /* Sources */,
				7EE903DB206F28A10051E41A /* Frameworks */,
				7EE903DC206F28A10051E41A /* Resources */,
				5707FF454949801D3A036F3D /* [CP] Embed Pods Frameworks */,
			);
			buildRules = (
			);
			dependencies = (
			);
			name = LHTool;
			productName = LHTool;
			productReference = 7EE903DE206F28A10051E41A /* LHTool.app */;
			productType = "com.apple.product-type.application";
		};
/* End PBXNativeTarget section */

/* Begin PBXProject section */
		7EE903D6206F28A00051E41A /* Project object */ = {
			isa = PBXProject;
			attributes = {
				LastSwiftUpdateCheck = 0930;
				LastUpgradeCheck = 0930;
				ORGANIZATIONNAME = LH;
				TargetAttributes = {
					7EE903DD206F28A10051E41A = {
						CreatedOnToolsVersion = 9.3;
						LastSwiftMigration = 1000;
					};
				};
			};
			buildConfigurationList = 7EE903D9206F28A00051E41A /* Build configuration list for PBXProject "LHTool" */;
			compatibilityVersion = "Xcode 9.3";
			developmentRegion = en;
			hasScannedForEncodings = 0;
			knownRegions = (
				Base,
			);
			mainGroup = 7EE903D5206F28A00051E41A;
			productRefGroup = 7EE903DF206F28A10051E41A /* Products */;
			projectDirPath = "";
			projectRoot = "";
			targets = (
				7EE903DD206F28A10051E41A /* LHTool */,
			);
		};
/* End PBXProject section */

/* Begin PBXResourcesBuildPhase section */
		7EE903DC206F28A10051E41A /* Resources */ = {
			isa = PBXResourcesBuildPhase;
			buildActionMask = 2147483647;
			files = (
				7EE903EC206F28A50051E41A /* LaunchScreen.storyboard in Resources */,
				7EE903E9206F28A50051E41A /* Assets.xcassets in Resources */,
				7EE903E7206F28A10051E41A /* Main.storyboard in Resources */,
				7E9D42CB20FEF05900893393 /* LHMyTableViewCell.xib in Resources */,
			);
			runOnlyForDeploymentPostprocessing = 0;
		};
/* End PBXResourcesBuildPhase section */

/* Begin PBXShellScriptBuildPhase section */
		55BA9E0411B9A69538025D49 /* [CP] Check Pods Manifest.lock */ = {
			isa = PBXShellScriptBuildPhase;
			buildActionMask = 2147483647;
			files = (
			);
			inputPaths = (
				"${PODS_PODFILE_DIR_PATH}/Podfile.lock",
				"${PODS_ROOT}/Manifest.lock",
			);
			name = "[CP] Check Pods Manifest.lock";
			outputPaths = (
				"$(DERIVED_FILE_DIR)/Pods-LHTool-checkManifestLockResult.txt",
			);
			runOnlyForDeploymentPostprocessing = 0;
			shellPath = /bin/sh;
			shellScript = "diff \"${PODS_PODFILE_DIR_PATH}/Podfile.lock\" \"${PODS_ROOT}/Manifest.lock\" > /dev/null\nif [ $? != 0 ] ; then\n    # print error to STDERR\n    echo \"error: The sandbox is not in sync with the Podfile.lock. Run 'pod install' or update your CocoaPods installation.\" >&2\n    exit 1\nfi\n# This output is used by Xcode 'outputs' to avoid re-running this script phase.\necho \"SUCCESS\" > \"${SCRIPT_OUTPUT_FILE_0}\"\n";
			showEnvVarsInLog = 0;
		};
		5707FF454949801D3A036F3D /* [CP] Embed Pods Frameworks */ = {
			isa = PBXShellScriptBuildPhase;
			buildActionMask = 2147483647;
			files = (
			);
			inputPaths = (
				"${SRCROOT}/Pods/Target Support Files/Pods-LHTool/Pods-LHTool-frameworks.sh",
				"${BUILT_PRODUCTS_DIR}/Alamofire/Alamofire.framework",
				"${BUILT_PRODUCTS_DIR}/MBProgressHUD/MBProgressHUD.framework",
				"${BUILT_PRODUCTS_DIR}/SDWebImage/SDWebImage.framework",
				"${BUILT_PRODUCTS_DIR}/TZImagePickerController/TZImagePickerController.framework",
			);
			name = "[CP] Embed Pods Frameworks";
			outputPaths = (
				"${TARGET_BUILD_DIR}/${FRAMEWORKS_FOLDER_PATH}/Alamofire.framework",
				"${TARGET_BUILD_DIR}/${FRAMEWORKS_FOLDER_PATH}/MBProgressHUD.framework",
				"${TARGET_BUILD_DIR}/${FRAMEWORKS_FOLDER_PATH}/SDWebImage.framework",
				"${TARGET_BUILD_DIR}/${FRAMEWORKS_FOLDER_PATH}/TZImagePickerController.framework",
			);
			runOnlyForDeploymentPostprocessing = 0;
			shellPath = /bin/sh;
			shellScript = "\"${SRCROOT}/Pods/Target Support Files/Pods-LHTool/Pods-LHTool-frameworks.sh\"\n";
			showEnvVarsInLog = 0;
		};
/* End PBXShellScriptBuildPhase section */

/* Begin PBXSourcesBuildPhase section */
		7EE903DA206F28A10051E41A /* Sources */ = {
			isa = PBXSourcesBuildPhase;
			buildActionMask = 2147483647;
			files = (
				7E9D42CD20FF33E900893393 /* LHMyUploadPhotoVC.swift in Sources */,
				7E9D42C520FED3BB00893393 /* LHMoreChooseVC.swift in Sources */,
				7EB70B7521353B30009A761B /* DispatchQueue+Category.swift in Sources */,
				7EA27A7C2100312200A65094 /* LHMyCollectionViewCell.swift in Sources */,
				7E9D42C720FED4AA00893393 /* LHMyTableViewCell.swift in Sources */,
				7E73F39320E47F2200CFA222 /* LHRequseTool.swift in Sources */,
				7E9D42C320FED3A500893393 /* LHSingleChooseVC.swift in Sources */,
				7E70F54A2071D39800A1E66E /* String+Category.swift in Sources */,
				7E8AFD3F211D297A00843F8B /* LHCheckVersion.swift in Sources */,
				7EE903F5206F29A10051E41A /* UIColor+Category.swift in Sources */,
				7E8E57D320F89EB300998A38 /* LHQRCodeTool.swift in Sources */,
				7EA27A802100797300A65094 /* LHBaseViewController.swift in Sources */,
				7E91C1EB20EF6EA400A9DF7B /* HUD+Add.swift in Sources */,
				7EA27A7E2100664C00A65094 /* LHPhotoShowVC.swift in Sources */,
				7EE903F9206F33ED0051E41A /* UIButton+Category.swift in Sources */,
				7E30150F2112DADF00DFA27D /* LHScanVC.swift in Sources */,
				7EE903E4206F28A10051E41A /* ViewController.swift in Sources */,
				7E7EBD942106D7B1008AC210 /* LHBaseNavigationController.swift in Sources */,
				7EA8125F2148E9F4009547A8 /* LHDefine.swift in Sources */,
				7EE903FD206F38300051E41A /* UIImage+Category.swift in Sources */,
				7EE903F7206F2F910051E41A /* UIView+Category.swift in Sources */,
				7EE903FB206F36370051E41A /* UILabel+Category.swift in Sources */,
				7EF91EB120D20A4400774737 /* LHHUBViewController.swift in Sources */,
				7E73F39120E4791E00CFA222 /* LHBaseHttps.swift in Sources */,
				7E84F66E20E210BE00DE337F /* LHPickerView.swift in Sources */,
				7EE903E2206F28A10051E41A /* AppDelegate.swift in Sources */,
			);
			runOnlyForDeploymentPostprocessing = 0;
		};
/* End PBXSourcesBuildPhase section */

/* Begin PBXVariantGroup section */
		7EE903E5206F28A10051E41A /* Main.storyboard */ = {
			isa = PBXVariantGroup;
			children = (
				7EE903E6206F28A10051E41A /* Base */,
			);
			name = Main.storyboard;
			sourceTree = "<group>";
		};
		7EE903EA206F28A50051E41A /* LaunchScreen.storyboard */ = {
			isa = PBXVariantGroup;
			children = (
				7EE903EB206F28A50051E41A /* Base */,
			);
			name = LaunchScreen.storyboard;
			sourceTree = "<group>";
		};
/* End PBXVariantGroup section */

/* Begin XCBuildConfiguration section */
		7EE903EE206F28A50051E41A /* Debug */ = {
			isa = XCBuildConfiguration;
			buildSettings = {
				ALWAYS_SEARCH_USER_PATHS = NO;
				CLANG_ANALYZER_LOCALIZABILITY_NONLOCALIZED = YES;
				CLANG_ANALYZER_NONNULL = YES;
				CLANG_ANALYZER_NUMBER_OBJECT_CONVERSION = YES_AGGRESSIVE;
				CLANG_CXX_LANGUAGE_STANDARD = "gnu++14";
				CLANG_CXX_LIBRARY = "libc++";
				CLANG_ENABLE_MODULES = YES;
				CLANG_ENABLE_OBJC_ARC = YES;
				CLANG_ENABLE_OBJC_WEAK = YES;
				CLANG_WARN_BLOCK_CAPTURE_AUTORELEASING = YES;
				CLANG_WARN_BOOL_CONVERSION = YES;
				CLANG_WARN_COMMA = YES;
				CLANG_WARN_CONSTANT_CONVERSION = YES;
				CLANG_WARN_DEPRECATED_OBJC_IMPLEMENTATIONS = YES;
				CLANG_WARN_DIRECT_OBJC_ISA_USAGE = YES_ERROR;
				CLANG_WARN_DOCUMENTATION_COMMENTS = YES;
				CLANG_WARN_EMPTY_BODY = YES;
				CLANG_WARN_ENUM_CONVERSION = YES;
				CLANG_WARN_INFINITE_RECURSION = YES;
				CLANG_WARN_INT_CONVERSION = YES;
				CLANG_WARN_NON_LITERAL_NULL_CONVERSION = YES;
				CLANG_WARN_OBJC_IMPLICIT_RETAIN_SELF = YES;
				CLANG_WARN_OBJC_LITERAL_CONVERSION = YES;
				CLANG_WARN_OBJC_ROOT_CLASS = YES_ERROR;
				CLANG_WARN_RANGE_LOOP_ANALYSIS = YES;
				CLANG_WARN_STRICT_PROTOTYPES = YES;
				CLANG_WARN_SUSPICIOUS_MOVE = YES;
				CLANG_WARN_UNGUARDED_AVAILABILITY = YES_AGGRESSIVE;
				CLANG_WARN_UNREACHABLE_CODE = YES;
				CLANG_WARN__DUPLICATE_METHOD_MATCH = YES;
				CODE_SIGN_IDENTITY = "iPhone Developer";
				COPY_PHASE_STRIP = NO;
				DEBUG_INFORMATION_FORMAT = dwarf;
				ENABLE_STRICT_OBJC_MSGSEND = YES;
				ENABLE_TESTABILITY = YES;
				GCC_C_LANGUAGE_STANDARD = gnu11;
				GCC_DYNAMIC_NO_PIC = NO;
				GCC_NO_COMMON_BLOCKS = YES;
				GCC_OPTIMIZATION_LEVEL = 0;
				GCC_PREPROCESSOR_DEFINITIONS = (
					"DEBUG=1",
					"$(inherited)",
				);
				GCC_WARN_64_TO_32_BIT_CONVERSION = YES;
				GCC_WARN_ABOUT_RETURN_TYPE = YES_ERROR;
				GCC_WARN_UNDECLARED_SELECTOR = YES;
				GCC_WARN_UNINITIALIZED_AUTOS = YES_AGGRESSIVE;
				GCC_WARN_UNUSED_FUNCTION = YES;
				GCC_WARN_UNUSED_VARIABLE = YES;
				IPHONEOS_DEPLOYMENT_TARGET = 11.3;
				MTL_ENABLE_DEBUG_INFO = YES;
				ONLY_ACTIVE_ARCH = YES;
				SDKROOT = iphoneos;
				SWIFT_ACTIVE_COMPILATION_CONDITIONS = DEBUG;
				SWIFT_OPTIMIZATION_LEVEL = "-Onone";
			};
			name = Debug;
		};
		7EE903EF206F28A50051E41A /* Release */ = {
			isa = XCBuildConfiguration;
			buildSettings = {
				ALWAYS_SEARCH_USER_PATHS = NO;
				CLANG_ANALYZER_LOCALIZABILITY_NONLOCALIZED = YES;
				CLANG_ANALYZER_NONNULL = YES;
				CLANG_ANALYZER_NUMBER_OBJECT_CONVERSION = YES_AGGRESSIVE;
				CLANG_CXX_LANGUAGE_STANDARD = "gnu++14";
				CLANG_CXX_LIBRARY = "libc++";
				CLANG_ENABLE_MODULES = YES;
				CLANG_ENABLE_OBJC_ARC = YES;
				CLANG_ENABLE_OBJC_WEAK = YES;
				CLANG_WARN_BLOCK_CAPTURE_AUTORELEASING = YES;
				CLANG_WARN_BOOL_CONVERSION = YES;
				CLANG_WARN_COMMA = YES;
				CLANG_WARN_CONSTANT_CONVERSION = YES;
				CLANG_WARN_DEPRECATED_OBJC_IMPLEMENTATIONS = YES;
				CLANG_WARN_DIRECT_OBJC_ISA_USAGE = YES_ERROR;
				CLANG_WARN_DOCUMENTATION_COMMENTS = YES;
				CLANG_WARN_EMPTY_BODY = YES;
				CLANG_WARN_ENUM_CONVERSION = YES;
				CLANG_WARN_INFINITE_RECURSION = YES;
				CLANG_WARN_INT_CONVERSION = YES;
				CLANG_WARN_NON_LITERAL_NULL_CONVERSION = YES;
				CLANG_WARN_OBJC_IMPLICIT_RETAIN_SELF = YES;
				CLANG_WARN_OBJC_LITERAL_CONVERSION = YES;
				CLANG_WARN_OBJC_ROOT_CLASS = YES_ERROR;
				CLANG_WARN_RANGE_LOOP_ANALYSIS = YES;
				CLANG_WARN_STRICT_PROTOTYPES = YES;
				CLANG_WARN_SUSPICIOUS_MOVE = YES;
				CLANG_WARN_UNGUARDED_AVAILABILITY = YES_AGGRESSIVE;
				CLANG_WARN_UNREACHABLE_CODE = YES;
				CLANG_WARN__DUPLICATE_METHOD_MATCH = YES;
				CODE_SIGN_IDENTITY = "iPhone Developer";
				COPY_PHASE_STRIP = NO;
				DEBUG_INFORMATION_FORMAT = "dwarf-with-dsym";
				ENABLE_NS_ASSERTIONS = NO;
				ENABLE_STRICT_OBJC_MSGSEND = YES;
				GCC_C_LANGUAGE_STANDARD = gnu11;
				GCC_NO_COMMON_BLOCKS = YES;
				GCC_WARN_64_TO_32_BIT_CONVERSION = YES;
				GCC_WARN_ABOUT_RETURN_TYPE = YES_ERROR;
				GCC_WARN_UNDECLARED_SELECTOR = YES;
				GCC_WARN_UNINITIALIZED_AUTOS = YES_AGGRESSIVE;
				GCC_WARN_UNUSED_FUNCTION = YES;
				GCC_WARN_UNUSED_VARIABLE = YES;
				IPHONEOS_DEPLOYMENT_TARGET = 11.3;
				MTL_ENABLE_DEBUG_INFO = NO;
				SDKROOT = iphoneos;
				SWIFT_COMPILATION_MODE = wholemodule;
				SWIFT_OPTIMIZATION_LEVEL = "-O";
				VALIDATE_PRODUCT = YES;
			};
			name = Release;
		};
		7EE903F1206F28A50051E41A /* Debug */ = {
			isa = XCBuildConfiguration;
			baseConfigurationReference = EB5AE5A1AB8F81549AFCD8D6 /* Pods-LHTool.debug.xcconfig */;
			buildSettings = {
				ASSETCATALOG_COMPILER_APPICON_NAME = AppIcon;
				ASSETCATALOG_COMPILER_LAUNCHIMAGE_NAME = LaunchImage;
				CLANG_ENABLE_MODULES = YES;
				CODE_SIGN_STYLE = Automatic;
				DEVELOPMENT_TEAM = LVGFW638MM;
				HEADER_SEARCH_PATHS = "${SRCROOT}/**";
				INFOPLIST_FILE = LHTool/Info.plist;
				IPHONEOS_DEPLOYMENT_TARGET = 11.0;
				LD_RUNPATH_SEARCH_PATHS = (
					"$(inherited)",
					"@executable_path/Frameworks",
				);
				PRODUCT_BUNDLE_IDENTIFIER = com.liuheng.tool.LHTool;
				PRODUCT_NAME = "$(TARGET_NAME)";
				SWIFT_OBJC_BRIDGING_HEADER = "LHTool/tool/LHTool-Bridging-Header.h";
				SWIFT_OPTIMIZATION_LEVEL = "-Onone";
				SWIFT_VERSION = 4.2;
				TARGETED_DEVICE_FAMILY = 1;
				USER_HEADER_SEARCH_PATHS = "${SRCROOT}/**";
			};
			name = Debug;
		};
		7EE903F2206F28A50051E41A /* Release */ = {
			isa = XCBuildConfiguration;
			baseConfigurationReference = 91636AD3AFC4EC94B169FE87 /* Pods-LHTool.release.xcconfig */;
			buildSettings = {
				ASSETCATALOG_COMPILER_APPICON_NAME = AppIcon;
				ASSETCATALOG_COMPILER_LAUNCHIMAGE_NAME = LaunchImage;
				CLANG_ENABLE_MODULES = YES;
				CODE_SIGN_STYLE = Automatic;
				DEVELOPMENT_TEAM = LVGFW638MM;
				HEADER_SEARCH_PATHS = "${SRCROOT}/**";
				INFOPLIST_FILE = LHTool/Info.plist;
				IPHONEOS_DEPLOYMENT_TARGET = 11.0;
				LD_RUNPATH_SEARCH_PATHS = (
					"$(inherited)",
					"@executable_path/Frameworks",
				);
				PRODUCT_BUNDLE_IDENTIFIER = com.liuheng.tool.LHTool;
				PRODUCT_NAME = "$(TARGET_NAME)";
				SWIFT_OBJC_BRIDGING_HEADER = "LHTool/tool/LHTool-Bridging-Header.h";
				SWIFT_VERSION = 4.2;
				TARGETED_DEVICE_FAMILY = 1;
				USER_HEADER_SEARCH_PATHS = "${SRCROOT}/**";
			};
			name = Release;
		};
/* End XCBuildConfiguration section */

/* Begin XCConfigurationList section */
		7EE903D9206F28A00051E41A /* Build configuration list for PBXProject "LHTool" */ = {
			isa = XCConfigurationList;
			buildConfigurations = (
				7EE903EE206F28A50051E41A /* Debug */,
				7EE903EF206F28A50051E41A /* Release */,
			);
			defaultConfigurationIsVisible = 0;
			defaultConfigurationName = Release;
		};
		7EE903F0206F28A50051E41A /* Build configuration list for PBXNativeTarget "LHTool" */ = {
			isa = XCConfigurationList;
			buildConfigurations = (
				7EE903F1206F28A50051E41A /* Debug */,
				7EE903F2206F28A50051E41A /* Release */,
			);
			defaultConfigurationIsVisible = 0;
			defaultConfigurationName = Release;
		};
/* End XCConfigurationList section */
	};
	rootObject = 7EE903D6206F28A00051E41A /* Project object */;
}
